
Microsoft Visual Studio Solution File, Format Version 12.00
# Visual Studio Version 16
VisualStudioVersion = 16.0.29920.165
MinimumVisualStudioVersion = 10.0.40219.1
Project("{FAE04EC0-301F-11D3-BF4B-00C04F79EFBC}") = "MoesFirstFunc", "MoesFirstFunc\MoesFirstFunc.csproj", "{89355FB8-9038-4336-8483-1D68793F57E0}"
EndProject
Global
	GlobalSection(SolutionConfigurationPlatforms) = preSolution
		Debug|Any CPU = Debug|Any CPU
		Release|Any CPU = Release|Any CPU
	EndGlobalSection
	GlobalSection(ProjectConfigurationPlatforms) = postSolution
		{89355FB8-9038-4336-8483-1D68793F57E0}.Debug|Any CPU.ActiveCfg = Debug|Any CPU
		{89355FB8-9038-4336-8483-1D68793F57E0}.Debug|Any CPU.Build.0 = Debug|Any CPU
		{89355FB8-9038-4336-8483-1D68793F57E0}.Release|Any CPU.ActiveCfg = Release|Any CPU
		{89355FB8-9038-4336-8483-1D68793F57E0}.Release|Any CPU.Build.0 = Release|Any CPU
	EndGlobalSection
	GlobalSection(SolutionProperties) = preSolution
		HideSolutionNode = FALSE
	EndGlobalSection
	GlobalSection(ExtensibilityGlobals) = postSolution
		SolutionGuid = {3B39CE35-ED41-4DF9-96AB-17278E125A64}
	EndGlobalSection
EndGlobal
