
Microsoft Visual Studio Solution File, Format Version 12.00
# Visual Studio Version 16
VisualStudioVersion = 16.0.29920.165
MinimumVisualStudioVersion = 10.0.40219.1
Project("{FAE04EC0-301F-11D3-BF4B-00C04F79EFBC}") = "WebJobsSDKSample", "WebJobsSDKSample\WebJobsSDKSample.csproj", "{DD73F153-F9BA-446E-AA91-4129743FD693}"
EndProject
Project("{2150E333-8FDC-42A3-9474-1A3956D46DE8}") = "Solution Items", "Solution Items", "{9FCDD469-0D28-466A-B4B2-007E011A4178}"
	ProjectSection(SolutionItems) = preProject
		Functions.cs = Functions.cs
	EndProjectSection
EndProject
Global
	GlobalSection(SolutionConfigurationPlatforms) = preSolution
		Debug|Any CPU = Debug|Any CPU
		Release|Any CPU = Release|Any CPU
	EndGlobalSection
	GlobalSection(ProjectConfigurationPlatforms) = postSolution
		{DD73F153-F9BA-446E-AA91-4129743FD693}.Debug|Any CPU.ActiveCfg = Debug|Any CPU
		{DD73F153-F9BA-446E-AA91-4129743FD693}.Debug|Any CPU.Build.0 = Debug|Any CPU
		{DD73F153-F9BA-446E-AA91-4129743FD693}.Release|Any CPU.ActiveCfg = Release|Any CPU
		{DD73F153-F9BA-446E-AA91-4129743FD693}.Release|Any CPU.Build.0 = Release|Any CPU
	EndGlobalSection
	GlobalSection(SolutionProperties) = preSolution
		HideSolutionNode = FALSE
	EndGlobalSection
	GlobalSection(ExtensibilityGlobals) = postSolution
		SolutionGuid = {A070890D-E185-4D28-89AE-9D8B9877AB8C}
	EndGlobalSection
EndGlobal
