
Microsoft Visual Studio Solution File, Format Version 12.00
# Visual Studio Version 16
VisualStudioVersion = 16.0.29709.97
MinimumVisualStudioVersion = 10.0.40219.1
Project("{FAE04EC0-301F-11D3-BF4B-00C04F79EFBC}") = "ACM.BL", "ACM.BL\ACM.BL.csproj", "{1FD9B514-C687-4FE8-8085-E4941367F845}"
EndProject
Project("{2150E333-8FDC-42A3-9474-1A3956D46DE8}") = "Tests", "Tests", "{0364BD9B-0B16-48DB-8476-818D3268920B}"
EndProject
Project("{FAE04EC0-301F-11D3-BF4B-00C04F79EFBC}") = "ACM.BLTest", "Tests\ACM.BLTest\ACM.BLTest.csproj", "{0EBE0D99-4CCD-4F78-B0C2-A91D216F53FD}"
EndProject
Project("{2150E333-8FDC-42A3-9474-1A3956D46DE8}") = "Solution Items", "Solution Items", "{CB5639F2-88FB-4529-91C4-582A5C30E614}"
EndProject
Project("{FAE04EC0-301F-11D3-BF4B-00C04F79EFBC}") = "Acme.Common", "Acme.Common\Acme.Common.csproj", "{EE46C4B2-20B7-4C8C-B469-4F887A6163DB}"
EndProject
Project("{FAE04EC0-301F-11D3-BF4B-00C04F79EFBC}") = "Acme.CommonTest", "Tests\Acme.CommonTest\Acme.CommonTest.csproj", "{CEFA7C3E-DA68-44B9-8DE2-60B5B17B14AC}"
EndProject
Global
	GlobalSection(SolutionConfigurationPlatforms) = preSolution
		Debug|Any CPU = Debug|Any CPU
		Release|Any CPU = Release|Any CPU
	EndGlobalSection
	GlobalSection(ProjectConfigurationPlatforms) = postSolution
		{1FD9B514-C687-4FE8-8085-E4941367F845}.Debug|Any CPU.ActiveCfg = Debug|Any CPU
		{1FD9B514-C687-4FE8-8085-E4941367F845}.Debug|Any CPU.Build.0 = Debug|Any CPU
		{1FD9B514-C687-4FE8-8085-E4941367F845}.Release|Any CPU.ActiveCfg = Release|Any CPU
		{1FD9B514-C687-4FE8-8085-E4941367F845}.Release|Any CPU.Build.0 = Release|Any CPU
		{0EBE0D99-4CCD-4F78-B0C2-A91D216F53FD}.Debug|Any CPU.ActiveCfg = Debug|Any CPU
		{0EBE0D99-4CCD-4F78-B0C2-A91D216F53FD}.Debug|Any CPU.Build.0 = Debug|Any CPU
		{0EBE0D99-4CCD-4F78-B0C2-A91D216F53FD}.Release|Any CPU.ActiveCfg = Release|Any CPU
		{0EBE0D99-4CCD-4F78-B0C2-A91D216F53FD}.Release|Any CPU.Build.0 = Release|Any CPU
		{EE46C4B2-20B7-4C8C-B469-4F887A6163DB}.Debug|Any CPU.ActiveCfg = Debug|Any CPU
		{EE46C4B2-20B7-4C8C-B469-4F887A6163DB}.Debug|Any CPU.Build.0 = Debug|Any CPU
		{EE46C4B2-20B7-4C8C-B469-4F887A6163DB}.Release|Any CPU.ActiveCfg = Release|Any CPU
		{EE46C4B2-20B7-4C8C-B469-4F887A6163DB}.Release|Any CPU.Build.0 = Release|Any CPU
		{CEFA7C3E-DA68-44B9-8DE2-60B5B17B14AC}.Debug|Any CPU.ActiveCfg = Debug|Any CPU
		{CEFA7C3E-DA68-44B9-8DE2-60B5B17B14AC}.Debug|Any CPU.Build.0 = Debug|Any CPU
		{CEFA7C3E-DA68-44B9-8DE2-60B5B17B14AC}.Release|Any CPU.ActiveCfg = Release|Any CPU
		{CEFA7C3E-DA68-44B9-8DE2-60B5B17B14AC}.Release|Any CPU.Build.0 = Release|Any CPU
	EndGlobalSection
	GlobalSection(SolutionProperties) = preSolution
		HideSolutionNode = FALSE
	EndGlobalSection
	GlobalSection(NestedProjects) = preSolution
		{0EBE0D99-4CCD-4F78-B0C2-A91D216F53FD} = {0364BD9B-0B16-48DB-8476-818D3268920B}
		{CEFA7C3E-DA68-44B9-8DE2-60B5B17B14AC} = {0364BD9B-0B16-48DB-8476-818D3268920B}
	EndGlobalSection
	GlobalSection(ExtensibilityGlobals) = postSolution
		SolutionGuid = {FA3B7A62-4AE2-4F56-B384-BAC550DABAD3}
	EndGlobalSection
EndGlobal
