
Microsoft Visual Studio Solution File, Format Version 12.00
# Visual Studio Version 16
VisualStudioVersion = 16.0.29920.165
MinimumVisualStudioVersion = 10.0.40219.1
Project("{FAE04EC0-301F-11D3-BF4B-00C04F79EFBC}") = "Damasanj_Func", "Damasanj_Func\Damasanj_Func.csproj", "{4D0AF8CC-840A-4239-81B0-F7B5B6D306EE}"
EndProject
Global
	GlobalSection(SolutionConfigurationPlatforms) = preSolution
		Debug|Any CPU = Debug|Any CPU
		Release|Any CPU = Release|Any CPU
	EndGlobalSection
	GlobalSection(ProjectConfigurationPlatforms) = postSolution
		{4D0AF8CC-840A-4239-81B0-F7B5B6D306EE}.Debug|Any CPU.ActiveCfg = Debug|Any CPU
		{4D0AF8CC-840A-4239-81B0-F7B5B6D306EE}.Debug|Any CPU.Build.0 = Debug|Any CPU
		{4D0AF8CC-840A-4239-81B0-F7B5B6D306EE}.Release|Any CPU.ActiveCfg = Release|Any CPU
		{4D0AF8CC-840A-4239-81B0-F7B5B6D306EE}.Release|Any CPU.Build.0 = Release|Any CPU
	EndGlobalSection
	GlobalSection(SolutionProperties) = preSolution
		HideSolutionNode = FALSE
	EndGlobalSection
	GlobalSection(ExtensibilityGlobals) = postSolution
		SolutionGuid = {C97EEF7A-19B5-49DC-852D-F09B3A786BF1}
	EndGlobalSection
EndGlobal
